{
  "name": "serene",
  "version": "1.0.0",
  "lockfileVersion": 1,
  "requires": true,
  "dependencies": {
    "@types/jquery": {
      "version": "2.0.53",
      "resolved": "https://registry.npmjs.org/@types/jquery/-/jquery-2.0.53.tgz",
      "integrity": "sha512-MZKPWUhp5TKkoJ/58NSq6io+CSUCOHm2b3Z6U4+r9v70kktB0JM+eRjdp6YmDHtw0kK2XB7L2K7/FMIoziHjUA=="
    },
    "@types/jquery.blockui": {
      "version": "0.0.27",
      "resolved": "https://registry.npmjs.org/@types/jquery.blockui/-/jquery.blockui-0.0.27.tgz",
      "integrity": "sha1-6xcjUruBKnFRXDoUv32adRh7I1A=",
      "requires": {
        "@types/jquery": "*"
      }
    },
    "@types/jquery.cookie": {
      "version": "1.4.31",
      "resolved": "https://registry.npmjs.org/@types/jquery.cookie/-/jquery.cookie-1.4.31.tgz",
      "integrity": "sha512-m0wfCAh9nrzZuFVhhxhyb6VwI8nLvM7bAY7VecXhmJ0krfVqWkWhy5wAdO41XfiMhRPDutIjHdT/UTuS8uzoKQ==",
      "requires": {
        "@types/jquery": "*"
      }
    },
    "@types/jquery.validation": {
      "version": "1.16.6",
      "resolved": "https://registry.npmjs.org/@types/jquery.validation/-/jquery.validation-1.16.6.tgz",
      "integrity": "sha512-RA2bYZELFFmA17mxarjKdCtsn8EH0dOKgj7tpJmeLREkMaOj4H1PbD3UIBuAGQ3Yn8o5748l5IWUmWoAoRYgIw==",
      "requires": {
        "@types/jquery": "*"
      }
    },
    "@types/jqueryui": {
      "version": "1.12.7",
      "resolved": "https://registry.npmjs.org/@types/jqueryui/-/jqueryui-1.12.7.tgz",
      "integrity": "sha512-MpHuknhR20kBNsDA2VAM6WZGc+CMApzfKfTZuzMOH2dEUzo5POPGicfGJ647wvl2T6ZgQKPCSWmCUhna3XpX0Q==",
      "requires": {
        "@types/jquery": "*"
      }
    },
    "@types/jspdf": {
      "version": "1.2.2",
      "resolved": "https://registry.npmjs.org/@types/jspdf/-/jspdf-1.2.2.tgz",
      "integrity": "sha512-OeryGbolZyGuMGlVyn/D7g1KsVClNmbnt8DE9TgOxKG6ixMeG9f8iqspLuhhuQx8BS8zs8Tyn1yEth+ptdkVgw=="
    },
    "@types/prop-types": {
      "version": "15.5.9",
      "resolved": "https://registry.npmjs.org/@types/prop-types/-/prop-types-15.5.9.tgz",
      "integrity": "sha512-Nha5b+jmBI271jdTMwrHiNXM+DvThjHOfyZtMX9kj/c/LUj2xiLHsG/1L3tJ8DjAoQN48cHwUwtqBotjyXaSdQ=="
    },
    "@types/react": {
      "version": "16.8.3",
      "resolved": "https://registry.npmjs.org/@types/react/-/react-16.8.3.tgz",
      "integrity": "sha512-PjPocAxL9SNLjYMP4dfOShW/rj9FDBJGu3JFRt0zEYf77xfihB6fq8zfDpMrV6s82KnAi7F1OEe5OsQX25Ybdw==",
      "requires": {
        "@types/prop-types": "*",
        "csstype": "^2.2.0"
      }
    },
    "@types/sortablejs": {
      "version": "1.7.2",
      "resolved": "https://registry.npmjs.org/@types/sortablejs/-/sortablejs-1.7.2.tgz",
      "integrity": "sha512-yIxpbtlfhaFi2QyuUK54XcmzDWZf5i11CgTrMO4Vh+sKKZthonizkTcqhADeHdngDNTDVUCYfIcfIvpZRAZY+A=="
    },
    "@types/toastr": {
      "version": "2.1.35",
      "resolved": "https://registry.npmjs.org/@types/toastr/-/toastr-2.1.35.tgz",
      "integrity": "sha512-NSPsNyBRxopghpNQLPqMLGK4oDIey5prT6RTkExljOfRrid0bkTr5v9NXYntBOwhEMmHjrmdsxY/g2/eKAJZpg==",
      "requires": {
        "@types/jquery": "*"
      }
    },
    "csstype": {
      "version": "2.6.2",
      "resolved": "https://registry.npmjs.org/csstype/-/csstype-2.6.2.tgz",
      "integrity": "sha512-Rl7PvTae0pflc1YtxtKbiSqq20Ts6vpIYOD5WBafl4y123DyHUeLrRdQP66sQW8/6gmX8jrYJLXwNeMqYVJcow=="
    }
  }
}
